<?xml version="1.0" encoding="utf-8"?>
<Project ToolsVersion="4.0" xmlns="http://schemas.microsoft.com/developer/msbuild/2003">
  <ItemGroup>
    <Filter Include="Source Files">
      <UniqueIdentifier>{4FC737F1-C7A5-4376-A066-2A32D752A2FF}</UniqueIdentifier>
      <Extensions>cpp;c;cc;cxx;c++;cppm;ixx;def;odl;idl;hpj;bat;asm;asmx</Extensions>
    </Filter>
    <Filter Include="Header Files">
      <UniqueIdentifier>{93995380-89BD-4b04-88EB-625FBE52EBFB}</UniqueIdentifier>
      <Extensions>h;hh;hpp;hxx;h++;hm;inl;inc;ipp;xsd</Extensions>
    </Filter>
    <Filter Include="Resource Files">
      <UniqueIdentifier>{67DA6AB6-F800-4c08-8B7A-83BB121AAD01}</UniqueIdentifier>
      <Extensions>rc;ico;cur;bmp;dlg;rc2;rct;bin;rgs;gif;jpg;jpeg;jpe;resx;tiff;tif;png;wav;mfcribbon-ms</Extensions>
    </Filter>
    <Filter Include="Source Files\CPU">
      <UniqueIdentifier>{f1a868ca-b215-4bb7-95ad-dd2ce9ab208a}</UniqueIdentifier>
    </Filter>
    <Filter Include="Source Files\ROM">
      <UniqueIdentifier>{00e278e8-5708-4839-9257-1bcec3f8c89e}</UniqueIdentifier>
    </Filter>
    <Filter Include="Source Files\IOSpace">
      <UniqueIdentifier>{d290e2c2-6119-43c0-b001-fa38498c9ff6}</UniqueIdentifier>
    </Filter>
    <Filter Include="Header Files\IOSpace">
      <UniqueIdentifier>{090d337d-e6b6-4910-b5ed-838ffa8eae1c}</UniqueIdentifier>
    </Filter>
    <Filter Include="Source Files\Platforms">
      <UniqueIdentifier>{3e7c0b3e-eefc-4d9a-9c33-9f1562081e6f}</UniqueIdentifier>
    </Filter>
    <Filter Include="Source Files\Sound">
      <UniqueIdentifier>{efa139af-f751-4183-ba5f-27aeb5da77cb}</UniqueIdentifier>
    </Filter>
  </ItemGroup>
  <ItemGroup>
    <ClCompile Include="emu.cpp">
      <Filter>Source Files</Filter>
    </ClCompile>
    <ClCompile Include="gb.cpp">
      <Filter>Source Files</Filter>
    </ClCompile>
    <ClCompile Include="gbcpu.cpp">
      <Filter>Source Files\CPU</Filter>
    </ClCompile>
    <ClCompile Include="gbgpu.cpp">
      <Filter>Source Files</Filter>
    </ClCompile>
    <ClCompile Include="rom.cpp">
      <Filter>Source Files\ROM</Filter>
    </ClCompile>
    <ClCompile Include="mbc1.cpp">
      <Filter>Source Files\ROM</Filter>
    </ClCompile>
    <ClCompile Include="mbc3.cpp">
      <Filter>Source Files\ROM</Filter>
    </ClCompile>
    <ClCompile Include="gbinput.cpp">
      <Filter>Source Files\IOSpace</Filter>
    </ClCompile>
    <ClCompile Include="gbserial.cpp">
      <Filter>Source Files\IOSpace</Filter>
    </ClCompile>
    <ClCompile Include="gbtimer.cpp">
      <Filter>Source Files\IOSpace</Filter>
    </ClCompile>
    <ClCompile Include="SDLWindow.cpp">
      <Filter>Source Files</Filter>
    </ClCompile>
    <ClCompile Include="gbram.cpp">
      <Filter>Source Files</Filter>
    </ClCompile>
    <ClCompile Include="Windows.cpp">
      <Filter>Source Files\Platforms</Filter>
    </ClCompile>
    <ClCompile Include="gbsound.cpp">
      <Filter>Source Files\Sound</Filter>
    </ClCompile>
  </ItemGroup>
  <ItemGroup>
    <ClInclude Include="gb.h">
      <Filter>Header Files</Filter>
    </ClInclude>
    <ClInclude Include="gbcpu.h">
      <Filter>Header Files</Filter>
    </ClInclude>
    <ClInclude Include="prefixOpcodes.hpp">
      <Filter>Source Files\CPU</Filter>
    </ClInclude>
    <ClInclude Include="gbrom.h">
      <Filter>Header Files</Filter>
    </ClInclude>
    <ClInclude Include="gbgpu.h">
      <Filter>Header Files</Filter>
    </ClInclude>
    <ClInclude Include="gbspace.h">
      <Filter>Header Files</Filter>
    </ClInclude>
    <ClInclude Include="SDLWindow.h">
      <Filter>Header Files</Filter>
    </ClInclude>
    <ClInclude Include="gbram.h">
      <Filter>Header Files</Filter>
    </ClInclude>
    <ClInclude Include="gbserial.h">
      <Filter>Header Files\IOSpace</Filter>
    </ClInclude>
    <ClInclude Include="gbtimer.h">
      <Filter>Header Files\IOSpace</Filter>
    </ClInclude>
    <ClInclude Include="gbinput.h">
      <Filter>Header Files\IOSpace</Filter>
    </ClInclude>
    <ClInclude Include="gbsound.h">
      <Filter>Header Files\IOSpace</Filter>
    </ClInclude>
    <ClInclude Include="bootRom.h">
      <Filter>Header Files</Filter>
    </ClInclude>
  </ItemGroup>
</Project>